
Microsoft Visual Studio Solution File, Format Version 12.00
# Visual Studio 15
VisualStudioVersion = 15.0.27130.2026
MinimumVisualStudioVersion = 10.0.40219.1
Project("{9A19103F-16F7-4668-BE54-9A1E7A4F7556}") = "Fault-handling-system", "Fault-handling-system\Fault-handling-system.csproj", "{1B38877C-AAFA-46A6-B1E6-3826BF3B08FD}"
EndProject
Global
	GlobalSection(SolutionConfigurationPlatforms) = preSolution
		Debug|Any CPU = Debug|Any CPU
		Release|Any CPU = Release|Any CPU
	EndGlobalSection
	GlobalSection(ProjectConfigurationPlatforms) = postSolution
		{1B38877C-AAFA-46A6-B1E6-3826BF3B08FD}.Debug|Any CPU.ActiveCfg = Debug|Any CPU
		{1B38877C-AAFA-46A6-B1E6-3826BF3B08FD}.Debug|Any CPU.Build.0 = Debug|Any CPU
		{1B38877C-AAFA-46A6-B1E6-3826BF3B08FD}.Release|Any CPU.ActiveCfg = Release|Any CPU
		{1B38877C-AAFA-46A6-B1E6-3826BF3B08FD}.Release|Any CPU.Build.0 = Release|Any CPU
	EndGlobalSection
	GlobalSection(SolutionProperties) = preSolution
		HideSolutionNode = FALSE
	EndGlobalSection
	GlobalSection(ExtensibilityGlobals) = postSolution
		SolutionGuid = {8C93502D-A57B-4C7D-965F-A4EA9CF0BA90}
	EndGlobalSection
EndGlobal
